
Microsoft Visual Studio Solution File, Format Version 12.00
# Visual Studio 2013
VisualStudioVersion = 12.0.31101.0
MinimumVisualStudioVersion = 10.0.40219.1
Project("{FAE04EC0-301F-11D3-BF4B-00C04F79EFBC}") = "Maria", "Maria\Maria.csproj", "{CE533DD2-14C3-4A5A-A922-52B4EC314846}"
EndProject
Project("{8BC9CEB8-8B4A-11D0-8D11-00A0C91BC942}") = "crypt", "Plugins\crypt\crypt.vcxproj", "{87FA22C5-9190-49F9-88A3-7BD13FBF2765}"
EndProject
Project("{8BC9CEB8-8B4A-11D0-8D11-00A0C91BC942}") = "rudp", "Plugins\rudp\rudp.vcxproj", "{5952D914-B3A0-416C-B24A-B0A8D0446722}"
EndProject
Project("{8BC9CEB8-8B4A-11D0-8D11-00A0C91BC942}") = "play", "Plugins\play\play.vcxproj", "{2FA25ABE-4497-4711-921D-FE749D049B99}"
EndProject
Project("{8BC9CEB8-8B4A-11D0-8D11-00A0C91BC942}") = "play_test", "Plugins\play_test\play_test.vcxproj", "{8241A950-5265-4E16-8CA5-C422A7A69D6D}"
EndProject
Global
	GlobalSection(SolutionConfigurationPlatforms) = preSolution
		Debug|Any CPU = Debug|Any CPU
		Debug|Mixed Platforms = Debug|Mixed Platforms
		Debug|Win32 = Debug|Win32
		Debug|x64 = Debug|x64
		Debug|x86 = Debug|x86
		Release|Any CPU = Release|Any CPU
		Release|Mixed Platforms = Release|Mixed Platforms
		Release|Win32 = Release|Win32
		Release|x64 = Release|x64
		Release|x86 = Release|x86
	EndGlobalSection
	GlobalSection(ProjectConfigurationPlatforms) = postSolution
		{CE533DD2-14C3-4A5A-A922-52B4EC314846}.Debug|Any CPU.ActiveCfg = Debug|Any CPU
		{CE533DD2-14C3-4A5A-A922-52B4EC314846}.Debug|Any CPU.Build.0 = Debug|Any CPU
		{CE533DD2-14C3-4A5A-A922-52B4EC314846}.Debug|Mixed Platforms.ActiveCfg = Debug|Any CPU
		{CE533DD2-14C3-4A5A-A922-52B4EC314846}.Debug|Mixed Platforms.Build.0 = Debug|Any CPU
		{CE533DD2-14C3-4A5A-A922-52B4EC314846}.Debug|Win32.ActiveCfg = Debug|Any CPU
		{CE533DD2-14C3-4A5A-A922-52B4EC314846}.Debug|x64.ActiveCfg = Debug|Any CPU
		{CE533DD2-14C3-4A5A-A922-52B4EC314846}.Debug|x64.Build.0 = Debug|Any CPU
		{CE533DD2-14C3-4A5A-A922-52B4EC314846}.Debug|x86.ActiveCfg = Debug|Any CPU
		{CE533DD2-14C3-4A5A-A922-52B4EC314846}.Debug|x86.Build.0 = Debug|Any CPU
		{CE533DD2-14C3-4A5A-A922-52B4EC314846}.Release|Any CPU.ActiveCfg = Release|Any CPU
		{CE533DD2-14C3-4A5A-A922-52B4EC314846}.Release|Any CPU.Build.0 = Release|Any CPU
		{CE533DD2-14C3-4A5A-A922-52B4EC314846}.Release|Mixed Platforms.ActiveCfg = Release|Any CPU
		{CE533DD2-14C3-4A5A-A922-52B4EC314846}.Release|Mixed Platforms.Build.0 = Release|Any CPU
		{CE533DD2-14C3-4A5A-A922-52B4EC314846}.Release|Win32.ActiveCfg = Release|Any CPU
		{CE533DD2-14C3-4A5A-A922-52B4EC314846}.Release|x64.ActiveCfg = Release|Any CPU
		{CE533DD2-14C3-4A5A-A922-52B4EC314846}.Release|x64.Build.0 = Release|Any CPU
		{CE533DD2-14C3-4A5A-A922-52B4EC314846}.Release|x86.ActiveCfg = Release|Any CPU
		{CE533DD2-14C3-4A5A-A922-52B4EC314846}.Release|x86.Build.0 = Release|Any CPU
		{87FA22C5-9190-49F9-88A3-7BD13FBF2765}.Debug|Any CPU.ActiveCfg = Debug|Win32
		{87FA22C5-9190-49F9-88A3-7BD13FBF2765}.Debug|Mixed Platforms.ActiveCfg = Debug|Win32
		{87FA22C5-9190-49F9-88A3-7BD13FBF2765}.Debug|Mixed Platforms.Build.0 = Debug|Win32
		{87FA22C5-9190-49F9-88A3-7BD13FBF2765}.Debug|Win32.ActiveCfg = Debug|Win32
		{87FA22C5-9190-49F9-88A3-7BD13FBF2765}.Debug|Win32.Build.0 = Debug|Win32
		{87FA22C5-9190-49F9-88A3-7BD13FBF2765}.Debug|x64.ActiveCfg = Debug|x64
		{87FA22C5-9190-49F9-88A3-7BD13FBF2765}.Debug|x64.Build.0 = Debug|x64
		{87FA22C5-9190-49F9-88A3-7BD13FBF2765}.Debug|x86.ActiveCfg = Debug|Win32
		{87FA22C5-9190-49F9-88A3-7BD13FBF2765}.Debug|x86.Build.0 = Debug|Win32
		{87FA22C5-9190-49F9-88A3-7BD13FBF2765}.Release|Any CPU.ActiveCfg = Release|Win32
		{87FA22C5-9190-49F9-88A3-7BD13FBF2765}.Release|Mixed Platforms.ActiveCfg = Release|Win32
		{87FA22C5-9190-49F9-88A3-7BD13FBF2765}.Release|Mixed Platforms.Build.0 = Release|Win32
		{87FA22C5-9190-49F9-88A3-7BD13FBF2765}.Release|Win32.ActiveCfg = Release|Win32
		{87FA22C5-9190-49F9-88A3-7BD13FBF2765}.Release|Win32.Build.0 = Release|Win32
		{87FA22C5-9190-49F9-88A3-7BD13FBF2765}.Release|x64.ActiveCfg = Release|x64
		{87FA22C5-9190-49F9-88A3-7BD13FBF2765}.Release|x64.Build.0 = Release|x64
		{87FA22C5-9190-49F9-88A3-7BD13FBF2765}.Release|x86.ActiveCfg = Release|Win32
		{87FA22C5-9190-49F9-88A3-7BD13FBF2765}.Release|x86.Build.0 = Release|Win32
		{5952D914-B3A0-416C-B24A-B0A8D0446722}.Debug|Any CPU.ActiveCfg = Debug|Win32
		{5952D914-B3A0-416C-B24A-B0A8D0446722}.Debug|Mixed Platforms.ActiveCfg = Debug|Win32
		{5952D914-B3A0-416C-B24A-B0A8D0446722}.Debug|Mixed Platforms.Build.0 = Debug|Win32
		{5952D914-B3A0-416C-B24A-B0A8D0446722}.Debug|Win32.ActiveCfg = Debug|Win32
		{5952D914-B3A0-416C-B24A-B0A8D0446722}.Debug|Win32.Build.0 = Debug|Win32
		{5952D914-B3A0-416C-B24A-B0A8D0446722}.Debug|x64.ActiveCfg = Debug|x64
		{5952D914-B3A0-416C-B24A-B0A8D0446722}.Debug|x64.Build.0 = Debug|x64
		{5952D914-B3A0-416C-B24A-B0A8D0446722}.Debug|x86.ActiveCfg = Debug|Win32
		{5952D914-B3A0-416C-B24A-B0A8D0446722}.Debug|x86.Build.0 = Debug|Win32
		{5952D914-B3A0-416C-B24A-B0A8D0446722}.Release|Any CPU.ActiveCfg = Release|Win32
		{5952D914-B3A0-416C-B24A-B0A8D0446722}.Release|Mixed Platforms.ActiveCfg = Release|Win32
		{5952D914-B3A0-416C-B24A-B0A8D0446722}.Release|Mixed Platforms.Build.0 = Release|Win32
		{5952D914-B3A0-416C-B24A-B0A8D0446722}.Release|Win32.ActiveCfg = Release|Win32
		{5952D914-B3A0-416C-B24A-B0A8D0446722}.Release|Win32.Build.0 = Release|Win32
		{5952D914-B3A0-416C-B24A-B0A8D0446722}.Release|x64.ActiveCfg = Release|x64
		{5952D914-B3A0-416C-B24A-B0A8D0446722}.Release|x64.Build.0 = Release|x64
		{5952D914-B3A0-416C-B24A-B0A8D0446722}.Release|x86.ActiveCfg = Release|Win32
		{5952D914-B3A0-416C-B24A-B0A8D0446722}.Release|x86.Build.0 = Release|Win32
		{2FA25ABE-4497-4711-921D-FE749D049B99}.Debug|Any CPU.ActiveCfg = Debug|Win32
		{2FA25ABE-4497-4711-921D-FE749D049B99}.Debug|Mixed Platforms.ActiveCfg = Debug|Win32
		{2FA25ABE-4497-4711-921D-FE749D049B99}.Debug|Mixed Platforms.Build.0 = Debug|Win32
		{2FA25ABE-4497-4711-921D-FE749D049B99}.Debug|Win32.ActiveCfg = Debug|Win32
		{2FA25ABE-4497-4711-921D-FE749D049B99}.Debug|Win32.Build.0 = Debug|Win32
		{2FA25ABE-4497-4711-921D-FE749D049B99}.Debug|x64.ActiveCfg = Debug|x64
		{2FA25ABE-4497-4711-921D-FE749D049B99}.Debug|x86.ActiveCfg = Debug|Win32
		{2FA25ABE-4497-4711-921D-FE749D049B99}.Debug|x86.Build.0 = Debug|Win32
		{2FA25ABE-4497-4711-921D-FE749D049B99}.Release|Any CPU.ActiveCfg = Release|Win32
		{2FA25ABE-4497-4711-921D-FE749D049B99}.Release|Mixed Platforms.ActiveCfg = Release|Win32
		{2FA25ABE-4497-4711-921D-FE749D049B99}.Release|Mixed Platforms.Build.0 = Release|Win32
		{2FA25ABE-4497-4711-921D-FE749D049B99}.Release|Win32.ActiveCfg = Release|Win32
		{2FA25ABE-4497-4711-921D-FE749D049B99}.Release|Win32.Build.0 = Release|Win32
		{2FA25ABE-4497-4711-921D-FE749D049B99}.Release|x64.ActiveCfg = Release|Win32
		{2FA25ABE-4497-4711-921D-FE749D049B99}.Release|x86.ActiveCfg = Release|Win32
		{2FA25ABE-4497-4711-921D-FE749D049B99}.Release|x86.Build.0 = Release|Win32
		{8241A950-5265-4E16-8CA5-C422A7A69D6D}.Debug|Any CPU.ActiveCfg = Debug|Win32
		{8241A950-5265-4E16-8CA5-C422A7A69D6D}.Debug|Mixed Platforms.ActiveCfg = Debug|Win32
		{8241A950-5265-4E16-8CA5-C422A7A69D6D}.Debug|Mixed Platforms.Build.0 = Debug|Win32
		{8241A950-5265-4E16-8CA5-C422A7A69D6D}.Debug|Win32.ActiveCfg = Debug|Win32
		{8241A950-5265-4E16-8CA5-C422A7A69D6D}.Debug|Win32.Build.0 = Debug|Win32
		{8241A950-5265-4E16-8CA5-C422A7A69D6D}.Debug|x64.ActiveCfg = Debug|x64
		{8241A950-5265-4E16-8CA5-C422A7A69D6D}.Debug|x86.ActiveCfg = Debug|Win32
		{8241A950-5265-4E16-8CA5-C422A7A69D6D}.Debug|x86.Build.0 = Debug|Win32
		{8241A950-5265-4E16-8CA5-C422A7A69D6D}.Release|Any CPU.ActiveCfg = Release|Win32
		{8241A950-5265-4E16-8CA5-C422A7A69D6D}.Release|Mixed Platforms.ActiveCfg = Release|Win32
		{8241A950-5265-4E16-8CA5-C422A7A69D6D}.Release|Mixed Platforms.Build.0 = Release|Win32
		{8241A950-5265-4E16-8CA5-C422A7A69D6D}.Release|Win32.ActiveCfg = Release|Win32
		{8241A950-5265-4E16-8CA5-C422A7A69D6D}.Release|Win32.Build.0 = Release|Win32
		{8241A950-5265-4E16-8CA5-C422A7A69D6D}.Release|x64.ActiveCfg = Release|Win32
		{8241A950-5265-4E16-8CA5-C422A7A69D6D}.Release|x86.ActiveCfg = Release|Win32
		{8241A950-5265-4E16-8CA5-C422A7A69D6D}.Release|x86.Build.0 = Release|Win32
	EndGlobalSection
	GlobalSection(SolutionProperties) = preSolution
		HideSolutionNode = FALSE
	EndGlobalSection
EndGlobal
