<?xml version="1.0" encoding="utf-8"?>
<Project ToolsVersion="4.0" xmlns="http://schemas.microsoft.com/developer/msbuild/2003">
  <ItemGroup>
    <Filter Include="源文件">
      <UniqueIdentifier>{4FC737F1-C7A5-4376-A066-2A32D752A2FF}</UniqueIdentifier>
      <Extensions>cpp;c;cc;cxx;def;odl;idl;hpj;bat;asm;asmx</Extensions>
    </Filter>
    <Filter Include="头文件">
      <UniqueIdentifier>{93995380-89BD-4b04-88EB-625FBE52EBFB}</UniqueIdentifier>
      <Extensions>h;hh;hpp;hxx;hm;inl;inc;xsd</Extensions>
    </Filter>
    <Filter Include="资源文件">
      <UniqueIdentifier>{67DA6AB6-F800-4c08-8B7A-83BB121AAD01}</UniqueIdentifier>
      <Extensions>rc;ico;cur;bmp;dlg;rc2;rct;bin;rgs;gif;jpg;jpeg;jpe;resx;tiff;tif;png;wav;mfcribbon-ms</Extensions>
    </Filter>
  </ItemGroup>
  <ItemGroup>
    <ClInclude Include="sharpc.h">
      <Filter>头文件</Filter>
    </ClInclude>
    <ClInclude Include="..\rudp\rudp.h">
      <Filter>头文件</Filter>
    </ClInclude>
    <ClInclude Include="..\rudp\rudp_aux.h">
      <Filter>头文件</Filter>
    </ClInclude>
    <ClInclude Include="..\play\App.h">
      <Filter>头文件</Filter>
    </ClInclude>
    <ClInclude Include="..\play\Context.h">
      <Filter>头文件</Filter>
    </ClInclude>
    <ClInclude Include="..\play\Map.h">
      <Filter>头文件</Filter>
    </ClInclude>
    <ClInclude Include="..\play\pack.h">
      <Filter>头文件</Filter>
    </ClInclude>
    <ClInclude Include="..\play\play.h">
      <Filter>头文件</Filter>
    </ClInclude>
    <ClInclude Include="..\play\Player.h">
      <Filter>头文件</Filter>
    </ClInclude>
    <ClInclude Include="..\play\PlayerMgr.h">
      <Filter>头文件</Filter>
    </ClInclude>
    <ClInclude Include="..\play\Scene.h">
      <Filter>头文件</Filter>
    </ClInclude>
    <ClInclude Include="..\play\stdafx.h">
      <Filter>头文件</Filter>
    </ClInclude>
    <ClInclude Include="..\crypt\crypt_aux.h">
      <Filter>头文件</Filter>
    </ClInclude>
    <ClInclude Include="conf.h">
      <Filter>头文件</Filter>
    </ClInclude>
  </ItemGroup>
  <ItemGroup>
    <ClCompile Include="sharpc.c">
      <Filter>源文件</Filter>
    </ClCompile>
    <ClCompile Include="test.c">
      <Filter>源文件</Filter>
    </ClCompile>
    <ClCompile Include="..\rudp\rudp.c">
      <Filter>源文件</Filter>
    </ClCompile>
    <ClCompile Include="..\rudp\rudp_aux.c">
      <Filter>源文件</Filter>
    </ClCompile>
    <ClCompile Include="..\play\App.cpp">
      <Filter>源文件</Filter>
    </ClCompile>
    <ClCompile Include="..\play\Context.cpp">
      <Filter>源文件</Filter>
    </ClCompile>
    <ClCompile Include="..\play\Map.cpp">
      <Filter>源文件</Filter>
    </ClCompile>
    <ClCompile Include="..\play\pack.cpp">
      <Filter>源文件</Filter>
    </ClCompile>
    <ClCompile Include="..\play\play.cpp">
      <Filter>源文件</Filter>
    </ClCompile>
    <ClCompile Include="..\play\Player.cpp">
      <Filter>源文件</Filter>
    </ClCompile>
    <ClCompile Include="..\play\PlayerMgr.cpp">
      <Filter>源文件</Filter>
    </ClCompile>
    <ClCompile Include="..\play\Scene.cpp">
      <Filter>源文件</Filter>
    </ClCompile>
    <ClCompile Include="..\play\stdafx.cpp">
      <Filter>源文件</Filter>
    </ClCompile>
    <ClCompile Include="..\crypt\crypt_aux.c">
      <Filter>源文件</Filter>
    </ClCompile>
    <ClCompile Include="..\crypt\lsha1.c">
      <Filter>源文件</Filter>
    </ClCompile>
    <ClCompile Include="..\crypt\lua-crypt.c">
      <Filter>源文件</Filter>
    </ClCompile>
    <ClCompile Include="conf.cpp">
      <Filter>源文件</Filter>
    </ClCompile>
  </ItemGroup>
</Project>