<?xml version="1.0" encoding="utf-8"?>
<Project ToolsVersion="4.0" xmlns="http://schemas.microsoft.com/developer/msbuild/2003">
  <ItemGroup>
    <Text Include="ReadMe.txt" />
  </ItemGroup>
  <ItemGroup>
    <Filter Include="crypt">
      <UniqueIdentifier>{18104494-800c-4a18-8b52-a8454963bdf7}</UniqueIdentifier>
    </Filter>
    <Filter Include="include">
      <UniqueIdentifier>{9551f7f3-267f-4dee-b6fd-ba974871c126}</UniqueIdentifier>
    </Filter>
    <Filter Include="rudp">
      <UniqueIdentifier>{e846f3ff-bb82-4fdd-bf52-f2a3bf8fb435}</UniqueIdentifier>
    </Filter>
    <Filter Include="sharpc">
      <UniqueIdentifier>{7713d884-3e87-43ee-bb00-98e605401b8e}</UniqueIdentifier>
    </Filter>
    <Filter Include="include\sharpc">
      <UniqueIdentifier>{5a8f6979-87fe-4922-9fe3-638f2a8c3588}</UniqueIdentifier>
    </Filter>
    <Filter Include="include\tinyxml2">
      <UniqueIdentifier>{5c0c2848-30ef-4316-b51b-502c35a135a7}</UniqueIdentifier>
    </Filter>
    <Filter Include="src">
      <UniqueIdentifier>{b3f0eead-3333-4f44-84bf-525d3eb057d6}</UniqueIdentifier>
    </Filter>
  </ItemGroup>
  <ItemGroup>
    <ClCompile Include="..\crypt\lsha1.c">
      <Filter>crypt</Filter>
    </ClCompile>
    <ClCompile Include="..\crypt\lua-crypt.c">
      <Filter>crypt</Filter>
    </ClCompile>
    <ClCompile Include="..\sharpc\log.c">
      <Filter>sharpc</Filter>
    </ClCompile>
    <ClCompile Include="..\sharpc\sharpc.c">
      <Filter>sharpc</Filter>
    </ClCompile>
    <ClCompile Include="..\rudp\rudp.c">
      <Filter>rudp</Filter>
    </ClCompile>
    <ClCompile Include="..\rudp\rudp_aux.c">
      <Filter>rudp</Filter>
    </ClCompile>
    <ClCompile Include="..\foundation\src\binaryheap.c">
      <Filter>src</Filter>
    </ClCompile>
    <ClCompile Include="..\foundation\src\pack.c">
      <Filter>src</Filter>
    </ClCompile>
    <ClCompile Include="..\foundation\src\stdafx.cpp">
      <Filter>src</Filter>
    </ClCompile>
    <ClCompile Include="..\foundation\src\tinyxml2.cpp">
      <Filter>src</Filter>
    </ClCompile>
  </ItemGroup>
  <ItemGroup>
    <ClInclude Include="..\rudp\rudp.h">
      <Filter>rudp</Filter>
    </ClInclude>
    <ClInclude Include="..\foundation\include\sharpc\log.h">
      <Filter>include\sharpc</Filter>
    </ClInclude>
    <ClInclude Include="..\foundation\include\sharpc\sharpc.h">
      <Filter>include\sharpc</Filter>
    </ClInclude>
    <ClInclude Include="..\foundation\include\tinyxml2\tinyxml2.h">
      <Filter>include\tinyxml2</Filter>
    </ClInclude>
    <ClInclude Include="..\foundation\include\binaryheap.h">
      <Filter>include</Filter>
    </ClInclude>
    <ClInclude Include="..\foundation\include\config.h">
      <Filter>include</Filter>
    </ClInclude>
    <ClInclude Include="..\foundation\include\cstdafx.h">
      <Filter>include</Filter>
    </ClInclude>
    <ClInclude Include="..\foundation\include\math3d.h">
      <Filter>include</Filter>
    </ClInclude>
    <ClInclude Include="..\foundation\include\pack.h">
      <Filter>include</Filter>
    </ClInclude>
    <ClInclude Include="..\foundation\include\stdafx.h">
      <Filter>include</Filter>
    </ClInclude>
    <ClInclude Include="..\foundation\include\utarray.h">
      <Filter>include</Filter>
    </ClInclude>
    <ClInclude Include="..\foundation\include\uthash.h">
      <Filter>include</Filter>
    </ClInclude>
    <ClInclude Include="..\foundation\include\utlist.h">
      <Filter>include</Filter>
    </ClInclude>
    <ClInclude Include="..\foundation\include\utringbuffer.h">
      <Filter>include</Filter>
    </ClInclude>
    <ClInclude Include="..\foundation\include\utstring.h">
      <Filter>include</Filter>
    </ClInclude>
  </ItemGroup>
</Project>